
Microsoft Visual Studio Solution File, Format Version 12.00
# Visual Studio Version 17
VisualStudioVersion = 17.5.33530.505
MinimumVisualStudioVersion = 10.0.40219.1
Project("{FAE04EC0-301F-11D3-BF4B-00C04F79EFBC}") = "BaiThucHanh", "BaiThucHanh\BaiThucHanh.csproj", "{5BB14096-840D-4DB1-A612-71295807A7FA}"
EndProject
Global
	GlobalSection(SolutionConfigurationPlatforms) = preSolution
		Debug|Any CPU = Debug|Any CPU
		Release|Any CPU = Release|Any CPU
	EndGlobalSection
	GlobalSection(ProjectConfigurationPlatforms) = postSolution
		{5BB14096-840D-4DB1-A612-71295807A7FA}.Debug|Any CPU.ActiveCfg = Debug|Any CPU
		{5BB14096-840D-4DB1-A612-71295807A7FA}.Debug|Any CPU.Build.0 = Debug|Any CPU
		{5BB14096-840D-4DB1-A612-71295807A7FA}.Release|Any CPU.ActiveCfg = Release|Any CPU
		{5BB14096-840D-4DB1-A612-71295807A7FA}.Release|Any CPU.Build.0 = Release|Any CPU
	EndGlobalSection
	GlobalSection(SolutionProperties) = preSolution
		HideSolutionNode = FALSE
	EndGlobalSection
	GlobalSection(ExtensibilityGlobals) = postSolution
		SolutionGuid = {77D56D59-8C44-4CCA-8CA3-CBDD61A5D8F9}
	EndGlobalSection
EndGlobal
