
Microsoft Visual Studio Solution File, Format Version 12.00
# Visual Studio Version 17
VisualStudioVersion = 17.5.33530.505
MinimumVisualStudioVersion = 10.0.40219.1
Project("{FAE04EC0-301F-11D3-BF4B-00C04F79EFBC}") = "Tree", "ConsoleApp1\Tree.csproj", "{77B97ABD-944A-4194-A645-B25E2B2D8D24}"
EndProject
Global
	GlobalSection(SolutionConfigurationPlatforms) = preSolution
		Debug|Any CPU = Debug|Any CPU
		Release|Any CPU = Release|Any CPU
	EndGlobalSection
	GlobalSection(ProjectConfigurationPlatforms) = postSolution
		{77B97ABD-944A-4194-A645-B25E2B2D8D24}.Debug|Any CPU.ActiveCfg = Debug|Any CPU
		{77B97ABD-944A-4194-A645-B25E2B2D8D24}.Debug|Any CPU.Build.0 = Debug|Any CPU
		{77B97ABD-944A-4194-A645-B25E2B2D8D24}.Release|Any CPU.ActiveCfg = Release|Any CPU
		{77B97ABD-944A-4194-A645-B25E2B2D8D24}.Release|Any CPU.Build.0 = Release|Any CPU
	EndGlobalSection
	GlobalSection(SolutionProperties) = preSolution
		HideSolutionNode = FALSE
	EndGlobalSection
	GlobalSection(ExtensibilityGlobals) = postSolution
		SolutionGuid = {F0E7B98A-F359-446D-B35C-33286D72BAF8}
	EndGlobalSection
EndGlobal
